
Microsoft Visual Studio Solution File, Format Version 12.00
# Visual Studio Version 16
VisualStudioVersion = 16.0.31313.79
MinimumVisualStudioVersion = 10.0.40219.1
Project("{FAE04EC0-301F-11D3-BF4B-00C04F79EFBC}") = "Enchanter Fashion", "Enchanter Fashion\Enchanter Fashion.csproj", "{C5D8BBC9-611C-452A-B0E4-F97F07916EBE}"
EndProject
Global
	GlobalSection(SolutionConfigurationPlatforms) = preSolution
		Debug|Any CPU = Debug|Any CPU
		Release|Any CPU = Release|Any CPU
	EndGlobalSection
	GlobalSection(ProjectConfigurationPlatforms) = postSolution
		{C5D8BBC9-611C-452A-B0E4-F97F07916EBE}.Debug|Any CPU.ActiveCfg = Debug|Any CPU
		{C5D8BBC9-611C-452A-B0E4-F97F07916EBE}.Debug|Any CPU.Build.0 = Debug|Any CPU
		{C5D8BBC9-611C-452A-B0E4-F97F07916EBE}.Release|Any CPU.ActiveCfg = Release|Any CPU
		{C5D8BBC9-611C-452A-B0E4-F97F07916EBE}.Release|Any CPU.Build.0 = Release|Any CPU
	EndGlobalSection
	GlobalSection(SolutionProperties) = preSolution
		HideSolutionNode = FALSE
	EndGlobalSection
	GlobalSection(ExtensibilityGlobals) = postSolution
		SolutionGuid = {A8342D13-761D-428D-93E5-874CDA6DE96F}
	EndGlobalSection
EndGlobal
